
Microsoft Visual Studio Solution File, Format Version 12.00
# Visual Studio Version 17
VisualStudioVersion = 17.12.35514.174 d17.12
MinimumVisualStudioVersion = 10.0.40219.1
Project("{FAE04EC0-301F-11D3-BF4B-00C04F79EFBC}") = "PuntoDeVenta-WinFormsApp", "PuntoDeVenta-WinFormsApp\PuntoDeVenta-WinFormsApp.csproj", "{97670E6D-62F6-4F55-90E3-6D8FE710E00D}"
EndProject
Global
	GlobalSection(SolutionConfigurationPlatforms) = preSolution
		Debug|Any CPU = Debug|Any CPU
		Release|Any CPU = Release|Any CPU
	EndGlobalSection
	GlobalSection(ProjectConfigurationPlatforms) = postSolution
		{97670E6D-62F6-4F55-90E3-6D8FE710E00D}.Debug|Any CPU.ActiveCfg = Debug|Any CPU
		{97670E6D-62F6-4F55-90E3-6D8FE710E00D}.Debug|Any CPU.Build.0 = Debug|Any CPU
		{97670E6D-62F6-4F55-90E3-6D8FE710E00D}.Release|Any CPU.ActiveCfg = Release|Any CPU
		{97670E6D-62F6-4F55-90E3-6D8FE710E00D}.Release|Any CPU.Build.0 = Release|Any CPU
	EndGlobalSection
	GlobalSection(SolutionProperties) = preSolution
		HideSolutionNode = FALSE
	EndGlobalSection
EndGlobal
